# THIS IS AN AUTOGENERATED FILE. DO NOT EDIT THIS FILE DIRECTLY.
# yarn lockfile v1


"ractive-json-editor@git+https://git@github.com/petermekhaeil/ractive-json-editor.git":
  version "0.0.1"
  resolved "git+https://git@github.com/petermekhaeil/ractive-json-editor.git#f65b0d6c89c8df1c85837e59aa092c9487f92ae8"

ractive@^0.10.3:
  version "0.10.3"
  resolved "https://registry.yarnpkg.com/ractive/-/ractive-0.10.3.tgz#e95eae7af45d8e3ce12871875b5dfda9a1bff966"
